{
<<<<<<< HEAD
  "name": "react-data-grid-addons",
  "version": "4.0.8",
  "lockfileVersion": 1,
=======
>>>>>>> upstream/master
  "requires": true,
  "lockfileVersion": 1,
  "dependencies": {
    "jquery": {
      "version": "2.2.4",
      "resolved": "https://registry.npmjs.org/jquery/-/jquery-2.2.4.tgz",
      "integrity": "sha1-LInWiJterFIqfuoywUUhVZxsvwI="
    },
    "lodash": {
<<<<<<< HEAD
      "version": "4.17.10",
      "resolved": "https://registry.npmjs.org/lodash/-/lodash-4.17.10.tgz",
      "integrity": "sha512-UejweD1pDoXu+AD825lWwp4ZGtSwgnpZxb3JDViD7StjQz+Nb/6l093lx4OQ0foGWNRoc19mWy7BzL+UAK2iVg==",
      "dev": true
=======
      "version": "4.17.4",
      "resolved": "https://registry.npmjs.org/lodash/-/lodash-4.17.4.tgz",
      "integrity": "sha1-eCA6TRwyiuHYbcpkYONptX9AVa4="
>>>>>>> upstream/master
    },
    "lodash.groupby": {
      "version": "4.6.0",
      "resolved": "https://registry.npmjs.org/lodash.groupby/-/lodash.groupby-4.6.0.tgz",
<<<<<<< HEAD
      "integrity": "sha1-Cwih3PaDl8OXhVwyOXg4Mt90A9E=",
      "dev": true
=======
      "integrity": "sha1-Cwih3PaDl8OXhVwyOXg4Mt90A9E="
>>>>>>> upstream/master
    }
  }
}
